
Microsoft Visual Studio Solution File, Format Version 12.00
# Visual Studio Version 17
VisualStudioVersion = 17.0.32112.339
MinimumVisualStudioVersion = 10.0.40219.1
Project("{9A19103F-16F7-4668-BE54-9A1E7A4F7556}") = "Lesson1", "Lesson1\Lesson1.csproj", "{84FF1920-D6BE-46F3-A00A-3607C57C858C}"
EndProject
Project("{9A19103F-16F7-4668-BE54-9A1E7A4F7556}") = "Lesson2", "Lesson2\Lesson2.csproj", "{8659A191-CE0B-490E-A974-33CE1FCA3B9A}"
EndProject
Project("{9A19103F-16F7-4668-BE54-9A1E7A4F7556}") = "Utils", "Utils\Utils.csproj", "{EA761C6A-ACE8-4ACB-82DB-349914262D2B}"
EndProject
Project("{9A19103F-16F7-4668-BE54-9A1E7A4F7556}") = "Lesson3", "Lesson3\Lesson3.csproj", "{3C25F366-256C-48F9-8FCA-CBF293611FE9}"
EndProject
Project("{9A19103F-16F7-4668-BE54-9A1E7A4F7556}") = "Lesson4", "Lesson4\Lesson4.csproj", "{6C0E1EA7-8F03-4F38-806B-D85379BFDD55}"
EndProject
Project("{9A19103F-16F7-4668-BE54-9A1E7A4F7556}") = "ArraysLib", "ArraysLib\ArraysLib.csproj", "{C6FE1DCC-A9BB-4953-A3B5-4B6A8CDB2F60}"
EndProject
Project("{9A19103F-16F7-4668-BE54-9A1E7A4F7556}") = "MatrixLib", "MatrixLib\MatrixLib.csproj", "{A1C81AB4-A1B8-49D5-BC38-FF6487412D81}"
EndProject
Project("{9A19103F-16F7-4668-BE54-9A1E7A4F7556}") = "Lesson5", "Lesson5\Lesson5.csproj", "{B66D937E-03F6-4B2F-9D21-F18A4AA576A9}"
EndProject
Project("{FAE04EC0-301F-11D3-BF4B-00C04F79EFBC}") = "Lesson6", "Lesson6\Lesson6.csproj", "{BDA49242-0248-4B03-B651-F4B824CE70DC}"
EndProject
Global
	GlobalSection(SolutionConfigurationPlatforms) = preSolution
		Debug|Any CPU = Debug|Any CPU
		Release|Any CPU = Release|Any CPU
	EndGlobalSection
	GlobalSection(ProjectConfigurationPlatforms) = postSolution
		{84FF1920-D6BE-46F3-A00A-3607C57C858C}.Debug|Any CPU.ActiveCfg = Debug|Any CPU
		{84FF1920-D6BE-46F3-A00A-3607C57C858C}.Debug|Any CPU.Build.0 = Debug|Any CPU
		{84FF1920-D6BE-46F3-A00A-3607C57C858C}.Release|Any CPU.ActiveCfg = Release|Any CPU
		{84FF1920-D6BE-46F3-A00A-3607C57C858C}.Release|Any CPU.Build.0 = Release|Any CPU
		{8659A191-CE0B-490E-A974-33CE1FCA3B9A}.Debug|Any CPU.ActiveCfg = Debug|Any CPU
		{8659A191-CE0B-490E-A974-33CE1FCA3B9A}.Debug|Any CPU.Build.0 = Debug|Any CPU
		{8659A191-CE0B-490E-A974-33CE1FCA3B9A}.Release|Any CPU.ActiveCfg = Release|Any CPU
		{8659A191-CE0B-490E-A974-33CE1FCA3B9A}.Release|Any CPU.Build.0 = Release|Any CPU
		{EA761C6A-ACE8-4ACB-82DB-349914262D2B}.Debug|Any CPU.ActiveCfg = Debug|Any CPU
		{EA761C6A-ACE8-4ACB-82DB-349914262D2B}.Debug|Any CPU.Build.0 = Debug|Any CPU
		{EA761C6A-ACE8-4ACB-82DB-349914262D2B}.Release|Any CPU.ActiveCfg = Release|Any CPU
		{EA761C6A-ACE8-4ACB-82DB-349914262D2B}.Release|Any CPU.Build.0 = Release|Any CPU
		{3C25F366-256C-48F9-8FCA-CBF293611FE9}.Debug|Any CPU.ActiveCfg = Debug|Any CPU
		{3C25F366-256C-48F9-8FCA-CBF293611FE9}.Debug|Any CPU.Build.0 = Debug|Any CPU
		{3C25F366-256C-48F9-8FCA-CBF293611FE9}.Release|Any CPU.ActiveCfg = Release|Any CPU
		{3C25F366-256C-48F9-8FCA-CBF293611FE9}.Release|Any CPU.Build.0 = Release|Any CPU
		{6C0E1EA7-8F03-4F38-806B-D85379BFDD55}.Debug|Any CPU.ActiveCfg = Debug|Any CPU
		{6C0E1EA7-8F03-4F38-806B-D85379BFDD55}.Debug|Any CPU.Build.0 = Debug|Any CPU
		{6C0E1EA7-8F03-4F38-806B-D85379BFDD55}.Release|Any CPU.ActiveCfg = Release|Any CPU
		{6C0E1EA7-8F03-4F38-806B-D85379BFDD55}.Release|Any CPU.Build.0 = Release|Any CPU
		{C6FE1DCC-A9BB-4953-A3B5-4B6A8CDB2F60}.Debug|Any CPU.ActiveCfg = Debug|Any CPU
		{C6FE1DCC-A9BB-4953-A3B5-4B6A8CDB2F60}.Debug|Any CPU.Build.0 = Debug|Any CPU
		{C6FE1DCC-A9BB-4953-A3B5-4B6A8CDB2F60}.Release|Any CPU.ActiveCfg = Release|Any CPU
		{C6FE1DCC-A9BB-4953-A3B5-4B6A8CDB2F60}.Release|Any CPU.Build.0 = Release|Any CPU
		{A1C81AB4-A1B8-49D5-BC38-FF6487412D81}.Debug|Any CPU.ActiveCfg = Debug|Any CPU
		{A1C81AB4-A1B8-49D5-BC38-FF6487412D81}.Debug|Any CPU.Build.0 = Debug|Any CPU
		{A1C81AB4-A1B8-49D5-BC38-FF6487412D81}.Release|Any CPU.ActiveCfg = Release|Any CPU
		{A1C81AB4-A1B8-49D5-BC38-FF6487412D81}.Release|Any CPU.Build.0 = Release|Any CPU
		{B66D937E-03F6-4B2F-9D21-F18A4AA576A9}.Debug|Any CPU.ActiveCfg = Debug|Any CPU
		{B66D937E-03F6-4B2F-9D21-F18A4AA576A9}.Debug|Any CPU.Build.0 = Debug|Any CPU
		{B66D937E-03F6-4B2F-9D21-F18A4AA576A9}.Release|Any CPU.ActiveCfg = Release|Any CPU
		{B66D937E-03F6-4B2F-9D21-F18A4AA576A9}.Release|Any CPU.Build.0 = Release|Any CPU
		{BDA49242-0248-4B03-B651-F4B824CE70DC}.Debug|Any CPU.ActiveCfg = Debug|Any CPU
		{BDA49242-0248-4B03-B651-F4B824CE70DC}.Debug|Any CPU.Build.0 = Debug|Any CPU
		{BDA49242-0248-4B03-B651-F4B824CE70DC}.Release|Any CPU.ActiveCfg = Release|Any CPU
		{BDA49242-0248-4B03-B651-F4B824CE70DC}.Release|Any CPU.Build.0 = Release|Any CPU
	EndGlobalSection
	GlobalSection(SolutionProperties) = preSolution
		HideSolutionNode = FALSE
	EndGlobalSection
	GlobalSection(ExtensibilityGlobals) = postSolution
		SolutionGuid = {EA9585FA-5C30-4ADB-AC9C-4C8792EA8CA2}
	EndGlobalSection
EndGlobal
